
Microsoft Visual Studio Solution File, Format Version 12.00
# Visual Studio 15
VisualStudioVersion = 15.0.28307.489
MinimumVisualStudioVersion = 10.0.40219.1
Project("{FAE04EC0-301F-11D3-BF4B-00C04F79EFBC}") = "Tedushop.Web", "Tedushop.Web\Tedushop.Web.csproj", "{A33E3EC2-0C06-446E-AC88-976FD5C90A80}"
EndProject
Project("{FAE04EC0-301F-11D3-BF4B-00C04F79EFBC}") = "Tedushop.Common", "Tedushop.Common\Tedushop.Common.csproj", "{613D192C-6D84-4C5C-8DAB-851BDC535431}"
EndProject
Project("{FAE04EC0-301F-11D3-BF4B-00C04F79EFBC}") = "Tedushop.Model", "Tedushop.Model\Tedushop.Model.csproj", "{9EF9944D-8DB2-40C8-AA21-537D4319E45B}"
EndProject
Project("{FAE04EC0-301F-11D3-BF4B-00C04F79EFBC}") = "Tedushop.Data", "Tedushop.Data\Tedushop.Data.csproj", "{2B9B35B1-C3E3-4BA2-9FA1-5E1F7FF6E179}"
EndProject
Project("{FAE04EC0-301F-11D3-BF4B-00C04F79EFBC}") = "Tedushop.Service", "Tedushop.Service\Tedushop.Service.csproj", "{C89954D0-F374-4416-83B2-C3769D9A778B}"
EndProject
Project("{FAE04EC0-301F-11D3-BF4B-00C04F79EFBC}") = "Tedushop.UnitTest", "Tedushop.UnitTest\Tedushop.UnitTest.csproj", "{484A1316-96BB-45CE-953E-60E66B8CC9D9}"
EndProject
Global
	GlobalSection(SolutionConfigurationPlatforms) = preSolution
		Debug|Any CPU = Debug|Any CPU
		Release|Any CPU = Release|Any CPU
	EndGlobalSection
	GlobalSection(ProjectConfigurationPlatforms) = postSolution
		{A33E3EC2-0C06-446E-AC88-976FD5C90A80}.Debug|Any CPU.ActiveCfg = Debug|Any CPU
		{A33E3EC2-0C06-446E-AC88-976FD5C90A80}.Debug|Any CPU.Build.0 = Debug|Any CPU
		{A33E3EC2-0C06-446E-AC88-976FD5C90A80}.Release|Any CPU.ActiveCfg = Release|Any CPU
		{A33E3EC2-0C06-446E-AC88-976FD5C90A80}.Release|Any CPU.Build.0 = Release|Any CPU
		{613D192C-6D84-4C5C-8DAB-851BDC535431}.Debug|Any CPU.ActiveCfg = Debug|Any CPU
		{613D192C-6D84-4C5C-8DAB-851BDC535431}.Debug|Any CPU.Build.0 = Debug|Any CPU
		{613D192C-6D84-4C5C-8DAB-851BDC535431}.Release|Any CPU.ActiveCfg = Release|Any CPU
		{613D192C-6D84-4C5C-8DAB-851BDC535431}.Release|Any CPU.Build.0 = Release|Any CPU
		{9EF9944D-8DB2-40C8-AA21-537D4319E45B}.Debug|Any CPU.ActiveCfg = Debug|Any CPU
		{9EF9944D-8DB2-40C8-AA21-537D4319E45B}.Debug|Any CPU.Build.0 = Debug|Any CPU
		{9EF9944D-8DB2-40C8-AA21-537D4319E45B}.Release|Any CPU.ActiveCfg = Release|Any CPU
		{9EF9944D-8DB2-40C8-AA21-537D4319E45B}.Release|Any CPU.Build.0 = Release|Any CPU
		{2B9B35B1-C3E3-4BA2-9FA1-5E1F7FF6E179}.Debug|Any CPU.ActiveCfg = Debug|Any CPU
		{2B9B35B1-C3E3-4BA2-9FA1-5E1F7FF6E179}.Debug|Any CPU.Build.0 = Debug|Any CPU
		{2B9B35B1-C3E3-4BA2-9FA1-5E1F7FF6E179}.Release|Any CPU.ActiveCfg = Release|Any CPU
		{2B9B35B1-C3E3-4BA2-9FA1-5E1F7FF6E179}.Release|Any CPU.Build.0 = Release|Any CPU
		{C89954D0-F374-4416-83B2-C3769D9A778B}.Debug|Any CPU.ActiveCfg = Debug|Any CPU
		{C89954D0-F374-4416-83B2-C3769D9A778B}.Debug|Any CPU.Build.0 = Debug|Any CPU
		{C89954D0-F374-4416-83B2-C3769D9A778B}.Release|Any CPU.ActiveCfg = Release|Any CPU
		{C89954D0-F374-4416-83B2-C3769D9A778B}.Release|Any CPU.Build.0 = Release|Any CPU
		{484A1316-96BB-45CE-953E-60E66B8CC9D9}.Debug|Any CPU.ActiveCfg = Debug|Any CPU
		{484A1316-96BB-45CE-953E-60E66B8CC9D9}.Debug|Any CPU.Build.0 = Debug|Any CPU
		{484A1316-96BB-45CE-953E-60E66B8CC9D9}.Release|Any CPU.ActiveCfg = Release|Any CPU
		{484A1316-96BB-45CE-953E-60E66B8CC9D9}.Release|Any CPU.Build.0 = Release|Any CPU
	EndGlobalSection
	GlobalSection(SolutionProperties) = preSolution
		HideSolutionNode = FALSE
	EndGlobalSection
	GlobalSection(ExtensibilityGlobals) = postSolution
		SolutionGuid = {CFEEAAD8-D113-446B-96C6-92975AAACDAB}
	EndGlobalSection
EndGlobal
